// !$*UTF8*$!
{
	archiveVersion = 1;
	classes = {
	};
	objectVersion = 56;
	objects = {

/* Begin PBXBuildFile section */
		29F3BE8E2BC96954000F72F7 /* SwiftUIComponentsApp.swift in Sources */ = {isa = PBXBuildFile; fileRef = 29F3BE8D2BC96954000F72F7 /* SwiftUIComponentsApp.swift */; };
		29F3BE922BC9695B000F72F7 /* Assets.xcassets in Resources */ = {isa = PBXBuildFile; fileRef = 29F3BE912BC9695B000F72F7 /* Assets.xcassets */; };
		29F3BE952BC9695B000F72F7 /* Preview Assets.xcassets in Resources */ = {isa = PBXBuildFile; fileRef = 29F3BE942BC9695B000F72F7 /* Preview Assets.xcassets */; };
		29F3BE972BC9695B000F72F7 /* Persistence.swift in Sources */ = {isa = PBXBuildFile; fileRef = 29F3BE962BC9695B000F72F7 /* Persistence.swift */; };
		29F3BE9A2BC9695B000F72F7 /* SwiftUIComponents.xcdatamodeld in Sources */ = {isa = PBXBuildFile; fileRef = 29F3BE982BC9695B000F72F7 /* SwiftUIComponents.xcdatamodeld */; };
		29F3BEA12BC96D4F000F72F7 /* TextComponent.swift in Sources */ = {isa = PBXBuildFile; fileRef = 29F3BEA02BC96D4E000F72F7 /* TextComponent.swift */; };
		29F3BEA42BC97A76000F72F7 /* ButtonComponent.swift in Sources */ = {isa = PBXBuildFile; fileRef = 29F3BEA32BC97A76000F72F7 /* ButtonComponent.swift */; };
		29F3BEA62BC97F28000F72F7 /* ImageComponent.swift in Sources */ = {isa = PBXBuildFile; fileRef = 29F3BEA52BC97F28000F72F7 /* ImageComponent.swift */; };
		29F3BEA82BC985D8000F72F7 /* ListComponent.swift in Sources */ = {isa = PBXBuildFile; fileRef = 29F3BEA72BC985D8000F72F7 /* ListComponent.swift */; };
		29F3BEAC2BC995C0000F72F7 /* NavigationApp.swift in Sources */ = {isa = PBXBuildFile; fileRef = 29F3BEAB2BC995C0000F72F7 /* NavigationApp.swift */; };
		29F3BEAE2BC99759000F72F7 /* ButtonComponentUsed.swift in Sources */ = {isa = PBXBuildFile; fileRef = 29F3BEAD2BC99759000F72F7 /* ButtonComponentUsed.swift */; };
/* End PBXBuildFile section */

/* Begin PBXFileReference section */
		29F3BE8A2BC96953000F72F7 /* SwiftUIComponents.app */ = {isa = PBXFileReference; explicitFileType = wrapper.application; includeInIndex = 0; path = SwiftUIComponents.app; sourceTree = BUILT_PRODUCTS_DIR; };
		29F3BE8D2BC96954000F72F7 /* SwiftUIComponentsApp.swift */ = {isa = PBXFileReference; lastKnownFileType = sourcecode.swift; path = SwiftUIComponentsApp.swift; sourceTree = "<group>"; };
		29F3BE912BC9695B000F72F7 /* Assets.xcassets */ = {isa = PBXFileReference; lastKnownFileType = folder.assetcatalog; path = Assets.xcassets; sourceTree = "<group>"; };
		29F3BE942BC9695B000F72F7 /* Preview Assets.xcassets */ = {isa = PBXFileReference; lastKnownFileType = folder.assetcatalog; path = "Preview Assets.xcassets"; sourceTree = "<group>"; };
		29F3BE962BC9695B000F72F7 /* Persistence.swift */ = {isa = PBXFileReference; lastKnownFileType = sourcecode.swift; path = Persistence.swift; sourceTree = "<group>"; };
		29F3BE992BC9695B000F72F7 /* SwiftUIComponents.xcdatamodel */ = {isa = PBXFileReference; lastKnownFileType = wrapper.xcdatamodel; path = SwiftUIComponents.xcdatamodel; sourceTree = "<group>"; };
		29F3BEA02BC96D4E000F72F7 /* TextComponent.swift */ = {isa = PBXFileReference; lastKnownFileType = sourcecode.swift; path = TextComponent.swift; sourceTree = "<group>"; };
		29F3BEA32BC97A76000F72F7 /* ButtonComponent.swift */ = {isa = PBXFileReference; lastKnownFileType = sourcecode.swift; path = ButtonComponent.swift; sourceTree = "<group>"; };
		29F3BEA52BC97F28000F72F7 /* ImageComponent.swift */ = {isa = PBXFileReference; lastKnownFileType = sourcecode.swift; path = ImageComponent.swift; sourceTree = "<group>"; };
		29F3BEA72BC985D8000F72F7 /* ListComponent.swift */ = {isa = PBXFileReference; lastKnownFileType = sourcecode.swift; path = ListComponent.swift; sourceTree = "<group>"; };
		29F3BEAB2BC995C0000F72F7 /* NavigationApp.swift */ = {isa = PBXFileReference; lastKnownFileType = sourcecode.swift; path = NavigationApp.swift; sourceTree = "<group>"; };
		29F3BEAD2BC99759000F72F7 /* ButtonComponentUsed.swift */ = {isa = PBXFileReference; lastKnownFileType = sourcecode.swift; path = ButtonComponentUsed.swift; sourceTree = "<group>"; };
/* End PBXFileReference section */

/* Begin PBXFrameworksBuildPhase section */
		29F3BE872BC96953000F72F7 /* Frameworks */ = {
			isa = PBXFrameworksBuildPhase;
			buildActionMask = 2147483647;
			files = (
			);
			runOnlyForDeploymentPostprocessing = 0;
		};
/* End PBXFrameworksBuildPhase section */

/* Begin PBXGroup section */
		29F3BE812BC96953000F72F7 = {
			isa = PBXGroup;
			children = (
				29F3BE8C2BC96954000F72F7 /* SwiftUIComponents */,
				29F3BE8B2BC96953000F72F7 /* Products */,
			);
			sourceTree = "<group>";
		};
		29F3BE8B2BC96953000F72F7 /* Products */ = {
			isa = PBXGroup;
			children = (
				29F3BE8A2BC96953000F72F7 /* SwiftUIComponents.app */,
			);
			name = Products;
			sourceTree = "<group>";
		};
		29F3BE8C2BC96954000F72F7 /* SwiftUIComponents */ = {
			isa = PBXGroup;
			children = (
				29F3BEAD2BC99759000F72F7 /* ButtonComponentUsed.swift */,
				29F3BE8D2BC96954000F72F7 /* SwiftUIComponentsApp.swift */,
				29F3BEA22BC96E37000F72F7 /* Components */,
				29F3BE912BC9695B000F72F7 /* Assets.xcassets */,
				29F3BE962BC9695B000F72F7 /* Persistence.swift */,
				29F3BE982BC9695B000F72F7 /* SwiftUIComponents.xcdatamodeld */,
				29F3BE932BC9695B000F72F7 /* Preview Content */,
				29F3BEAB2BC995C0000F72F7 /* NavigationApp.swift */,
			);
			path = SwiftUIComponents;
			sourceTree = "<group>";
		};
		29F3BE932BC9695B000F72F7 /* Preview Content */ = {
			isa = PBXGroup;
			children = (
				29F3BE942BC9695B000F72F7 /* Preview Assets.xcassets */,
			);
			path = "Preview Content";
			sourceTree = "<group>";
		};
		29F3BEA22BC96E37000F72F7 /* Components */ = {
			isa = PBXGroup;
			children = (
				29F3BEA02BC96D4E000F72F7 /* TextComponent.swift */,
				29F3BEA32BC97A76000F72F7 /* ButtonComponent.swift */,
				29F3BEA52BC97F28000F72F7 /* ImageComponent.swift */,
				29F3BEA72BC985D8000F72F7 /* ListComponent.swift */,
			);
			path = Components;
			sourceTree = "<group>";
		};
/* End PBXGroup section */

/* Begin PBXNativeTarget section */
		29F3BE892BC96953000F72F7 /* SwiftUIComponents */ = {
			isa = PBXNativeTarget;
			buildConfigurationList = 29F3BE9D2BC9695B000F72F7 /* Build configuration list for PBXNativeTarget "SwiftUIComponents" */;
			buildPhases = (
				29F3BE862BC96953000F72F7 /* Sources */,
				29F3BE872BC96953000F72F7 /* Frameworks */,
				29F3BE882BC96953000F72F7 /* Resources */,
			);
			buildRules = (
			);
			dependencies = (
			);
			name = SwiftUIComponents;
			productName = SwiftUIComponents;
			productReference = 29F3BE8A2BC96953000F72F7 /* SwiftUIComponents.app */;
			productType = "com.apple.product-type.application";
		};
/* End PBXNativeTarget section */

/* Begin PBXProject section */
		29F3BE822BC96953000F72F7 /* Project object */ = {
			isa = PBXProject;
			attributes = {
				BuildIndependentTargetsInParallel = 1;
				LastSwiftUpdateCheck = 1530;
				LastUpgradeCheck = 1530;
				TargetAttributes = {
					29F3BE892BC96953000F72F7 = {
						CreatedOnToolsVersion = 15.3;
					};
				};
			};
			buildConfigurationList = 29F3BE852BC96953000F72F7 /* Build configuration list for PBXProject "SwiftUIComponents" */;
			compatibilityVersion = "Xcode 14.0";
			developmentRegion = en;
			hasScannedForEncodings = 0;
			knownRegions = (
				en,
				Base,
			);
			mainGroup = 29F3BE812BC96953000F72F7;
			productRefGroup = 29F3BE8B2BC96953000F72F7 /* Products */;
			projectDirPath = "";
			projectRoot = "";
			targets = (
				29F3BE892BC96953000F72F7 /* SwiftUIComponents */,
			);
		};
/* End PBXProject section */

/* Begin PBXResourcesBuildPhase section */
		29F3BE882BC96953000F72F7 /* Resources */ = {
			isa = PBXResourcesBuildPhase;
			buildActionMask = 2147483647;
			files = (
				29F3BE952BC9695B000F72F7 /* Preview Assets.xcassets in Resources */,
				29F3BE922BC9695B000F72F7 /* Assets.xcassets in Resources */,
			);
			runOnlyForDeploymentPostprocessing = 0;
		};
/* End PBXResourcesBuildPhase section */

/* Begin PBXSourcesBuildPhase section */
		29F3BE862BC96953000F72F7 /* Sources */ = {
			isa = PBXSourcesBuildPhase;
			buildActionMask = 2147483647;
			files = (
				29F3BE972BC9695B000F72F7 /* Persistence.swift in Sources */,
				29F3BEA82BC985D8000F72F7 /* ListComponent.swift in Sources */,
				29F3BEA42BC97A76000F72F7 /* ButtonComponent.swift in Sources */,
				29F3BEA12BC96D4F000F72F7 /* TextComponent.swift in Sources */,
				29F3BEA62BC97F28000F72F7 /* ImageComponent.swift in Sources */,
				29F3BE8E2BC96954000F72F7 /* SwiftUIComponentsApp.swift in Sources */,
				29F3BE9A2BC9695B000F72F7 /* SwiftUIComponents.xcdatamodeld in Sources */,
				29F3BEAE2BC99759000F72F7 /* ButtonComponentUsed.swift in Sources */,
				29F3BEAC2BC995C0000F72F7 /* NavigationApp.swift in Sources */,
			);
			runOnlyForDeploymentPostprocessing = 0;
		};
/* End PBXSourcesBuildPhase section */

/* Begin XCBuildConfiguration section */
		29F3BE9B2BC9695B000F72F7 /* Debug */ = {
			isa = XCBuildConfiguration;
			buildSettings = {
				ALWAYS_SEARCH_USER_PATHS = NO;
				ASSETCATALOG_COMPILER_GENERATE_SWIFT_ASSET_SYMBOL_EXTENSIONS = YES;
				CLANG_ANALYZER_NONNULL = YES;
				CLANG_ANALYZER_NUMBER_OBJECT_CONVERSION = YES_AGGRESSIVE;
				CLANG_CXX_LANGUAGE_STANDARD = "gnu++20";
				CLANG_ENABLE_MODULES = YES;
				CLANG_ENABLE_OBJC_ARC = YES;
				CLANG_ENABLE_OBJC_WEAK = YES;
				CLANG_WARN_BLOCK_CAPTURE_AUTORELEASING = YES;
				CLANG_WARN_BOOL_CONVERSION = YES;
				CLANG_WARN_COMMA = YES;
				CLANG_WARN_CONSTANT_CONVERSION = YES;
				CLANG_WARN_DEPRECATED_OBJC_IMPLEMENTATIONS = YES;
				CLANG_WARN_DIRECT_OBJC_ISA_USAGE = YES_ERROR;
				CLANG_WARN_DOCUMENTATION_COMMENTS = YES;
				CLANG_WARN_EMPTY_BODY = YES;
				CLANG_WARN_ENUM_CONVERSION = YES;
				CLANG_WARN_INFINITE_RECURSION = YES;
				CLANG_WARN_INT_CONVERSION = YES;
				CLANG_WARN_NON_LITERAL_NULL_CONVERSION = YES;
				CLANG_WARN_OBJC_IMPLICIT_RETAIN_SELF = YES;
				CLANG_WARN_OBJC_LITERAL_CONVERSION = YES;
				CLANG_WARN_OBJC_ROOT_CLASS = YES_ERROR;
				CLANG_WARN_QUOTED_INCLUDE_IN_FRAMEWORK_HEADER = YES;
				CLANG_WARN_RANGE_LOOP_ANALYSIS = YES;
				CLANG_WARN_STRICT_PROTOTYPES = YES;
				CLANG_WARN_SUSPICIOUS_MOVE = YES;
				CLANG_WARN_UNGUARDED_AVAILABILITY = YES_AGGRESSIVE;
				CLANG_WARN_UNREACHABLE_CODE = YES;
				CLANG_WARN__DUPLICATE_METHOD_MATCH = YES;
				COPY_PHASE_STRIP = NO;
				DEBUG_INFORMATION_FORMAT = dwarf;
				ENABLE_STRICT_OBJC_MSGSEND = YES;
				ENABLE_TESTABILITY = YES;
				ENABLE_USER_SCRIPT_SANDBOXING = YES;
				GCC_C_LANGUAGE_STANDARD = gnu17;
				GCC_DYNAMIC_NO_PIC = NO;
				GCC_NO_COMMON_BLOCKS = YES;
				GCC_OPTIMIZATION_LEVEL = 0;
				GCC_PREPROCESSOR_DEFINITIONS = (
					"DEBUG=1",
					"$(inherited)",
				);
				GCC_WARN_64_TO_32_BIT_CONVERSION = YES;
				GCC_WARN_ABOUT_RETURN_TYPE = YES_ERROR;
				GCC_WARN_UNDECLARED_SELECTOR = YES;
				GCC_WARN_UNINITIALIZED_AUTOS = YES_AGGRESSIVE;
				GCC_WARN_UNUSED_FUNCTION = YES;
				GCC_WARN_UNUSED_VARIABLE = YES;
				IPHONEOS_DEPLOYMENT_TARGET = 17.4;
				LOCALIZATION_PREFERS_STRING_CATALOGS = YES;
				MTL_ENABLE_DEBUG_INFO = INCLUDE_SOURCE;
				MTL_FAST_MATH = YES;
				ONLY_ACTIVE_ARCH = YES;
				SDKROOT = iphoneos;
				SWIFT_ACTIVE_COMPILATION_CONDITIONS = "DEBUG $(inherited)";
				SWIFT_OPTIMIZATION_LEVEL = "-Onone";
			};
			name = Debug;
		};
		29F3BE9C2BC9695B000F72F7 /* Release */ = {
			isa = XCBuildConfiguration;
			buildSettings = {
				ALWAYS_SEARCH_USER_PATHS = NO;
				ASSETCATALOG_COMPILER_GENERATE_SWIFT_ASSET_SYMBOL_EXTENSIONS = YES;
				CLANG_ANALYZER_NONNULL = YES;
				CLANG_ANALYZER_NUMBER_OBJECT_CONVERSION = YES_AGGRESSIVE;
				CLANG_CXX_LANGUAGE_STANDARD = "gnu++20";
				CLANG_ENABLE_MODULES = YES;
				CLANG_ENABLE_OBJC_ARC = YES;
				CLANG_ENABLE_OBJC_WEAK = YES;
				CLANG_WARN_BLOCK_CAPTURE_AUTORELEASING = YES;
				CLANG_WARN_BOOL_CONVERSION = YES;
				CLANG_WARN_COMMA = YES;
				CLANG_WARN_CONSTANT_CONVERSION = YES;
				CLANG_WARN_DEPRECATED_OBJC_IMPLEMENTATIONS = YES;
				CLANG_WARN_DIRECT_OBJC_ISA_USAGE = YES_ERROR;
				CLANG_WARN_DOCUMENTATION_COMMENTS = YES;
				CLANG_WARN_EMPTY_BODY = YES;
				CLANG_WARN_ENUM_CONVERSION = YES;
				CLANG_WARN_INFINITE_RECURSION = YES;
				CLANG_WARN_INT_CONVERSION = YES;
				CLANG_WARN_NON_LITERAL_NULL_CONVERSION = YES;
				CLANG_WARN_OBJC_IMPLICIT_RETAIN_SELF = YES;
				CLANG_WARN_OBJC_LITERAL_CONVERSION = YES;
				CLANG_WARN_OBJC_ROOT_CLASS = YES_ERROR;
				CLANG_WARN_QUOTED_INCLUDE_IN_FRAMEWORK_HEADER = YES;
				CLANG_WARN_RANGE_LOOP_ANALYSIS = YES;
				CLANG_WARN_STRICT_PROTOTYPES = YES;
				CLANG_WARN_SUSPICIOUS_MOVE = YES;
				CLANG_WARN_UNGUARDED_AVAILABILITY = YES_AGGRESSIVE;
				CLANG_WARN_UNREACHABLE_CODE = YES;
				CLANG_WARN__DUPLICATE_METHOD_MATCH = YES;
				COPY_PHASE_STRIP = NO;
				DEBUG_INFORMATION_FORMAT = "dwarf-with-dsym";
				ENABLE_NS_ASSERTIONS = NO;
				ENABLE_STRICT_OBJC_MSGSEND = YES;
				ENABLE_USER_SCRIPT_SANDBOXING = YES;
				GCC_C_LANGUAGE_STANDARD = gnu17;
				GCC_NO_COMMON_BLOCKS = YES;
				GCC_WARN_64_TO_32_BIT_CONVERSION = YES;
				GCC_WARN_ABOUT_RETURN_TYPE = YES_ERROR;
				GCC_WARN_UNDECLARED_SELECTOR = YES;
				GCC_WARN_UNINITIALIZED_AUTOS = YES_AGGRESSIVE;
				GCC_WARN_UNUSED_FUNCTION = YES;
				GCC_WARN_UNUSED_VARIABLE = YES;
				IPHONEOS_DEPLOYMENT_TARGET = 17.4;
				LOCALIZATION_PREFERS_STRING_CATALOGS = YES;
				MTL_ENABLE_DEBUG_INFO = NO;
				MTL_FAST_MATH = YES;
				SDKROOT = iphoneos;
				SWIFT_COMPILATION_MODE = wholemodule;
				VALIDATE_PRODUCT = YES;
			};
			name = Release;
		};
		29F3BE9E2BC9695B000F72F7 /* Debug */ = {
			isa = XCBuildConfiguration;
			buildSettings = {
				ASSETCATALOG_COMPILER_APPICON_NAME = AppIcon;
				ASSETCATALOG_COMPILER_GLOBAL_ACCENT_COLOR_NAME = AccentColor;
				CODE_SIGN_STYLE = Automatic;
				CURRENT_PROJECT_VERSION = 1;
				DEVELOPMENT_ASSET_PATHS = "\"SwiftUIComponents/Preview Content\"";
				DEVELOPMENT_TEAM = 39W9F7Z53R;
				ENABLE_PREVIEWS = YES;
				GENERATE_INFOPLIST_FILE = YES;
				INFOPLIST_KEY_UIApplicationSceneManifest_Generation = YES;
				INFOPLIST_KEY_UIApplicationSupportsIndirectInputEvents = YES;
				INFOPLIST_KEY_UILaunchScreen_Generation = YES;
				INFOPLIST_KEY_UISupportedInterfaceOrientations_iPad = "UIInterfaceOrientationPortrait UIInterfaceOrientationPortraitUpsideDown UIInterfaceOrientationLandscapeLeft UIInterfaceOrientationLandscapeRight";
				INFOPLIST_KEY_UISupportedInterfaceOrientations_iPhone = "UIInterfaceOrientationPortrait UIInterfaceOrientationLandscapeLeft UIInterfaceOrientationLandscapeRight";
				LD_RUNPATH_SEARCH_PATHS = (
					"$(inherited)",
					"@executable_path/Frameworks",
				);
				MARKETING_VERSION = 1.0;
				PRODUCT_BUNDLE_IDENTIFIER = com.proyect.SwiftUIComponents;
				PRODUCT_NAME = "$(TARGET_NAME)";
				SWIFT_EMIT_LOC_STRINGS = YES;
				SWIFT_VERSION = 5.0;
				TARGETED_DEVICE_FAMILY = "1,2";
			};
			name = Debug;
		};
		29F3BE9F2BC9695B000F72F7 /* Release */ = {
			isa = XCBuildConfiguration;
			buildSettings = {
				ASSETCATALOG_COMPILER_APPICON_NAME = AppIcon;
				ASSETCATALOG_COMPILER_GLOBAL_ACCENT_COLOR_NAME = AccentColor;
				CODE_SIGN_STYLE = Automatic;
				CURRENT_PROJECT_VERSION = 1;
				DEVELOPMENT_ASSET_PATHS = "\"SwiftUIComponents/Preview Content\"";
				DEVELOPMENT_TEAM = 39W9F7Z53R;
				ENABLE_PREVIEWS = YES;
				GENERATE_INFOPLIST_FILE = YES;
				INFOPLIST_KEY_UIApplicationSceneManifest_Generation = YES;
				INFOPLIST_KEY_UIApplicationSupportsIndirectInputEvents = YES;
				INFOPLIST_KEY_UILaunchScreen_Generation = YES;
				INFOPLIST_KEY_UISupportedInterfaceOrientations_iPad = "UIInterfaceOrientationPortrait UIInterfaceOrientationPortraitUpsideDown UIInterfaceOrientationLandscapeLeft UIInterfaceOrientationLandscapeRight";
				INFOPLIST_KEY_UISupportedInterfaceOrientations_iPhone = "UIInterfaceOrientationPortrait UIInterfaceOrientationLandscapeLeft UIInterfaceOrientationLandscapeRight";
				LD_RUNPATH_SEARCH_PATHS = (
					"$(inherited)",
					"@executable_path/Frameworks",
				);
				MARKETING_VERSION = 1.0;
				PRODUCT_BUNDLE_IDENTIFIER = com.proyect.SwiftUIComponents;
				PRODUCT_NAME = "$(TARGET_NAME)";
				SWIFT_EMIT_LOC_STRINGS = YES;
				SWIFT_VERSION = 5.0;
				TARGETED_DEVICE_FAMILY = "1,2";
			};
			name = Release;
		};
/* End XCBuildConfiguration section */

/* Begin XCConfigurationList section */
		29F3BE852BC96953000F72F7 /* Build configuration list for PBXProject "SwiftUIComponents" */ = {
			isa = XCConfigurationList;
			buildConfigurations = (
				29F3BE9B2BC9695B000F72F7 /* Debug */,
				29F3BE9C2BC9695B000F72F7 /* Release */,
			);
			defaultConfigurationIsVisible = 0;
			defaultConfigurationName = Release;
		};
		29F3BE9D2BC9695B000F72F7 /* Build configuration list for PBXNativeTarget "SwiftUIComponents" */ = {
			isa = XCConfigurationList;
			buildConfigurations = (
				29F3BE9E2BC9695B000F72F7 /* Debug */,
				29F3BE9F2BC9695B000F72F7 /* Release */,
			);
			defaultConfigurationIsVisible = 0;
			defaultConfigurationName = Release;
		};
/* End XCConfigurationList section */

/* Begin XCVersionGroup section */
		29F3BE982BC9695B000F72F7 /* SwiftUIComponents.xcdatamodeld */ = {
			isa = XCVersionGroup;
			children = (
				29F3BE992BC9695B000F72F7 /* SwiftUIComponents.xcdatamodel */,
			);
			currentVersion = 29F3BE992BC9695B000F72F7 /* SwiftUIComponents.xcdatamodel */;
			path = SwiftUIComponents.xcdatamodeld;
			sourceTree = "<group>";
			versionGroupType = wrapper.xcdatamodel;
		};
/* End XCVersionGroup section */
	};
	rootObject = 29F3BE822BC96953000F72F7 /* Project object */;
}
